// !$*UTF8*$!
{
	archiveVersion = 1;
	classes = {
	};
	objectVersion = 46;
	objects = {

/* Begin PBXBuildFile section */
		A13DF619188FF11300C12872 /* libboost_thread.a in Frameworks */ = {isa = PBXBuildFile; fileRef = A13DF618188FF11300C12872 /* libboost_thread.a */; };
		A13DF6241891433400C12872 /* libboost_system.a in Frameworks */ = {isa = PBXBuildFile; fileRef = A13DF6231891433400C12872 /* libboost_system.a */; };
		A13DF6401891ED5B00C12872 /* Cube.cpp in Sources */ = {isa = PBXBuildFile; fileRef = A13DF63618915E0500C12872 /* Cube.cpp */; };
		A13DF6411891ED5D00C12872 /* Plane.cpp in Sources */ = {isa = PBXBuildFile; fileRef = A13DF63818915E0500C12872 /* Plane.cpp */; };
		A13DF6421891ED5E00C12872 /* Sphere.cpp in Sources */ = {isa = PBXBuildFile; fileRef = A13DF63A18915E0500C12872 /* Sphere.cpp */; };
		A13DF6431891ED6000C12872 /* Traceable.cpp in Sources */ = {isa = PBXBuildFile; fileRef = A13DF63C18915E0500C12872 /* Traceable.cpp */; };
		A13DF6441891ED6200C12872 /* Triangle.cpp in Sources */ = {isa = PBXBuildFile; fileRef = A13DF63E18915E0500C12872 /* Triangle.cpp */; };
		A13DF6481891ED6A00C12872 /* CPURenderDevice.cpp in Sources */ = {isa = PBXBuildFile; fileRef = A13DF62918915D9300C12872 /* CPURenderDevice.cpp */; };
		A13DF6491891ED6C00C12872 /* RenderDevice.cpp in Sources */ = {isa = PBXBuildFile; fileRef = A13DF62B18915D9300C12872 /* RenderDevice.cpp */; };
		A13DF6721895CAB800C12872 /* ColladaSceneBuilder.cpp in Sources */ = {isa = PBXBuildFile; fileRef = A13DF66A1895CA6000C12872 /* ColladaSceneBuilder.cpp */; };
		A13DF6731895CABA00C12872 /* Scene.cpp in Sources */ = {isa = PBXBuildFile; fileRef = A13DF66C1895CA6000C12872 /* Scene.cpp */; };
		A13DF6741895CAC100C12872 /* Camera.cpp in Sources */ = {isa = PBXBuildFile; fileRef = A13DF65D1895CA5B00C12872 /* Camera.cpp */; };
		A13DF6751895CAC400C12872 /* TriMesh.cpp in Sources */ = {isa = PBXBuildFile; fileRef = A13DF6671895CA5B00C12872 /* TriMesh.cpp */; };
		A13DF6761895CAC900C12872 /* DirectionalLight.cpp in Sources */ = {isa = PBXBuildFile; fileRef = A13DF6601895CA5B00C12872 /* DirectionalLight.cpp */; };
		A13DF6771895CACF00C12872 /* Light.cpp in Sources */ = {isa = PBXBuildFile; fileRef = A13DF6621895CA5B00C12872 /* Light.cpp */; };
		A13DF6781895CAD200C12872 /* PointLight.cpp in Sources */ = {isa = PBXBuildFile; fileRef = A13DF6651895CA5B00C12872 /* PointLight.cpp */; };
		A13DF6791895CADB00C12872 /* Ray.cpp in Sources */ = {isa = PBXBuildFile; fileRef = A13DF6501895CA4800C12872 /* Ray.cpp */; };
		A13DF67A1895CADD00C12872 /* RaycastHit.cpp in Sources */ = {isa = PBXBuildFile; fileRef = A13DF6521895CA4800C12872 /* RaycastHit.cpp */; };
		A13DF67B1895CADF00C12872 /* Renderer.cpp in Sources */ = {isa = PBXBuildFile; fileRef = A13DF6541895CA4800C12872 /* Renderer.cpp */; };
		A13DF67E1895FD2700C12872 /* SceneTestRenderDevice.cpp in Sources */ = {isa = PBXBuildFile; fileRef = A13DF67C1895FD2700C12872 /* SceneTestRenderDevice.cpp */; };
		A1EF09C11879DBCF000E3A9F /* main.cpp in Sources */ = {isa = PBXBuildFile; fileRef = A1EF08A81879DB1B000E3A9F /* main.cpp */; };
/* End PBXBuildFile section */

/* Begin PBXCopyFilesBuildPhase section */
		A19D7EAA1859700F0009D962 /* CopyFiles */ = {
			isa = PBXCopyFilesBuildPhase;
			buildActionMask = 2147483647;
			dstPath = /usr/share/man/man1/;
			dstSubfolderSpec = 0;
			files = (
			);
			runOnlyForDeploymentPostprocessing = 1;
		};
/* End PBXCopyFilesBuildPhase section */

/* Begin PBXFileReference section */
		A13DF618188FF11300C12872 /* libboost_thread.a */ = {isa = PBXFileReference; lastKnownFileType = archive.ar; name = libboost_thread.a; path = "../../../../../../boost_1_55_0/bin.v2/libs/thread/build/darwin-4.2.1/release/link-static/threading-multi/libboost_thread.a"; sourceTree = "<group>"; };
		A13DF6231891433400C12872 /* libboost_system.a */ = {isa = PBXFileReference; lastKnownFileType = archive.ar; name = libboost_system.a; path = "../../../../../../boost_1_55_0/bin.v2/libs/system/build/darwin-4.2.1/release/link-static/threading-multi/libboost_system.a"; sourceTree = "<group>"; };
		A13DF62918915D9300C12872 /* CPURenderDevice.cpp */ = {isa = PBXFileReference; lastKnownFileType = sourcecode.cpp.cpp; path = CPURenderDevice.cpp; sourceTree = "<group>"; };
		A13DF62A18915D9300C12872 /* CPURenderDevice.h */ = {isa = PBXFileReference; lastKnownFileType = sourcecode.c.h; path = CPURenderDevice.h; sourceTree = "<group>"; };
		A13DF62B18915D9300C12872 /* RenderDevice.cpp */ = {isa = PBXFileReference; lastKnownFileType = sourcecode.cpp.cpp; path = RenderDevice.cpp; sourceTree = "<group>"; };
		A13DF62C18915D9300C12872 /* RenderDevice.h */ = {isa = PBXFileReference; lastKnownFileType = sourcecode.c.h; path = RenderDevice.h; sourceTree = "<group>"; };
		A13DF63618915E0500C12872 /* Cube.cpp */ = {isa = PBXFileReference; lastKnownFileType = sourcecode.cpp.cpp; path = Cube.cpp; sourceTree = "<group>"; };
		A13DF63718915E0500C12872 /* Cube.h */ = {isa = PBXFileReference; lastKnownFileType = sourcecode.c.h; path = Cube.h; sourceTree = "<group>"; };
		A13DF63818915E0500C12872 /* Plane.cpp */ = {isa = PBXFileReference; lastKnownFileType = sourcecode.cpp.cpp; path = Plane.cpp; sourceTree = "<group>"; };
		A13DF63918915E0500C12872 /* Plane.h */ = {isa = PBXFileReference; lastKnownFileType = sourcecode.c.h; path = Plane.h; sourceTree = "<group>"; };
		A13DF63A18915E0500C12872 /* Sphere.cpp */ = {isa = PBXFileReference; lastKnownFileType = sourcecode.cpp.cpp; path = Sphere.cpp; sourceTree = "<group>"; };
		A13DF63B18915E0500C12872 /* Sphere.h */ = {isa = PBXFileReference; lastKnownFileType = sourcecode.c.h; path = Sphere.h; sourceTree = "<group>"; };
		A13DF63C18915E0500C12872 /* Traceable.cpp */ = {isa = PBXFileReference; lastKnownFileType = sourcecode.cpp.cpp; path = Traceable.cpp; sourceTree = "<group>"; };
		A13DF63D18915E0500C12872 /* Traceable.h */ = {isa = PBXFileReference; lastKnownFileType = sourcecode.c.h; path = Traceable.h; sourceTree = "<group>"; };
		A13DF63E18915E0500C12872 /* Triangle.cpp */ = {isa = PBXFileReference; lastKnownFileType = sourcecode.cpp.cpp; path = Triangle.cpp; sourceTree = "<group>"; };
		A13DF63F18915E0500C12872 /* Triangle.h */ = {isa = PBXFileReference; lastKnownFileType = sourcecode.c.h; path = Triangle.h; sourceTree = "<group>"; };
		A13DF64C1892995D00C12872 /* RenderDevice_intern.h */ = {isa = PBXFileReference; fileEncoding = 4; lastKnownFileType = sourcecode.c.h; path = RenderDevice_intern.h; sourceTree = "<group>"; };
		A13DF6501895CA4800C12872 /* Ray.cpp */ = {isa = PBXFileReference; lastKnownFileType = sourcecode.cpp.cpp; path = Ray.cpp; sourceTree = "<group>"; };
		A13DF6511895CA4800C12872 /* Ray.h */ = {isa = PBXFileReference; lastKnownFileType = sourcecode.c.h; path = Ray.h; sourceTree = "<group>"; };
		A13DF6521895CA4800C12872 /* RaycastHit.cpp */ = {isa = PBXFileReference; lastKnownFileType = sourcecode.cpp.cpp; path = RaycastHit.cpp; sourceTree = "<group>"; };
		A13DF6531895CA4800C12872 /* RaycastHit.h */ = {isa = PBXFileReference; lastKnownFileType = sourcecode.c.h; path = RaycastHit.h; sourceTree = "<group>"; };
		A13DF6541895CA4800C12872 /* Renderer.cpp */ = {isa = PBXFileReference; lastKnownFileType = sourcecode.cpp.cpp; path = Renderer.cpp; sourceTree = "<group>"; };
		A13DF6551895CA4800C12872 /* Renderer.h */ = {isa = PBXFileReference; lastKnownFileType = sourcecode.c.h; path = Renderer.h; sourceTree = "<group>"; };
		A13DF6571895CA5200C12872 /* CheckerMaterial.h */ = {isa = PBXFileReference; lastKnownFileType = sourcecode.c.h; path = CheckerMaterial.h; sourceTree = "<group>"; };
		A13DF6581895CA5200C12872 /* LambertMaterial.h */ = {isa = PBXFileReference; lastKnownFileType = sourcecode.c.h; path = LambertMaterial.h; sourceTree = "<group>"; };
		A13DF6591895CA5200C12872 /* Material.h */ = {isa = PBXFileReference; lastKnownFileType = sourcecode.c.h; path = Material.h; sourceTree = "<group>"; };
		A13DF65A1895CA5200C12872 /* MaterialFactory.h */ = {isa = PBXFileReference; lastKnownFileType = sourcecode.c.h; path = MaterialFactory.h; sourceTree = "<group>"; };
		A13DF65B1895CA5200C12872 /* PhongMaterial.h */ = {isa = PBXFileReference; lastKnownFileType = sourcecode.c.h; path = PhongMaterial.h; sourceTree = "<group>"; };
		A13DF65D1895CA5B00C12872 /* Camera.cpp */ = {isa = PBXFileReference; lastKnownFileType = sourcecode.cpp.cpp; path = Camera.cpp; sourceTree = "<group>"; };
		A13DF65E1895CA5B00C12872 /* Camera.h */ = {isa = PBXFileReference; lastKnownFileType = sourcecode.c.h; path = Camera.h; sourceTree = "<group>"; };
		A13DF6601895CA5B00C12872 /* DirectionalLight.cpp */ = {isa = PBXFileReference; lastKnownFileType = sourcecode.cpp.cpp; path = DirectionalLight.cpp; sourceTree = "<group>"; };
		A13DF6611895CA5B00C12872 /* DirectionalLight.h */ = {isa = PBXFileReference; lastKnownFileType = sourcecode.c.h; path = DirectionalLight.h; sourceTree = "<group>"; };
		A13DF6621895CA5B00C12872 /* Light.cpp */ = {isa = PBXFileReference; lastKnownFileType = sourcecode.cpp.cpp; path = Light.cpp; sourceTree = "<group>"; };
		A13DF6631895CA5B00C12872 /* Light.h */ = {isa = PBXFileReference; lastKnownFileType = sourcecode.c.h; path = Light.h; sourceTree = "<group>"; };
		A13DF6641895CA5B00C12872 /* LightFactory.h */ = {isa = PBXFileReference; lastKnownFileType = sourcecode.c.h; path = LightFactory.h; sourceTree = "<group>"; };
		A13DF6651895CA5B00C12872 /* PointLight.cpp */ = {isa = PBXFileReference; lastKnownFileType = sourcecode.cpp.cpp; path = PointLight.cpp; sourceTree = "<group>"; };
		A13DF6661895CA5B00C12872 /* PointLight.h */ = {isa = PBXFileReference; lastKnownFileType = sourcecode.c.h; path = PointLight.h; sourceTree = "<group>"; };
		A13DF6671895CA5B00C12872 /* TriMesh.cpp */ = {isa = PBXFileReference; lastKnownFileType = sourcecode.cpp.cpp; path = TriMesh.cpp; sourceTree = "<group>"; };
		A13DF6681895CA5B00C12872 /* TriMesh.h */ = {isa = PBXFileReference; lastKnownFileType = sourcecode.c.h; path = TriMesh.h; sourceTree = "<group>"; };
		A13DF66A1895CA6000C12872 /* ColladaSceneBuilder.cpp */ = {isa = PBXFileReference; lastKnownFileType = sourcecode.cpp.cpp; path = ColladaSceneBuilder.cpp; sourceTree = "<group>"; };
		A13DF66B1895CA6000C12872 /* ColladaSceneBuilder.h */ = {isa = PBXFileReference; lastKnownFileType = sourcecode.c.h; path = ColladaSceneBuilder.h; sourceTree = "<group>"; };
		A13DF66C1895CA6000C12872 /* Scene.cpp */ = {isa = PBXFileReference; lastKnownFileType = sourcecode.cpp.cpp; path = Scene.cpp; sourceTree = "<group>"; };
		A13DF66D1895CA6000C12872 /* Scene.h */ = {isa = PBXFileReference; lastKnownFileType = sourcecode.c.h; path = Scene.h; sourceTree = "<group>"; };
		A13DF66E1895CA6000C12872 /* SceneBuilder.h */ = {isa = PBXFileReference; lastKnownFileType = sourcecode.c.h; path = SceneBuilder.h; sourceTree = "<group>"; };
		A13DF66F1895CA6000C12872 /* SceneDirector.h */ = {isa = PBXFileReference; lastKnownFileType = sourcecode.c.h; path = SceneDirector.h; sourceTree = "<group>"; };
		A13DF6711895CA6700C12872 /* util_array.h */ = {isa = PBXFileReference; lastKnownFileType = sourcecode.c.h; path = util_array.h; sourceTree = "<group>"; };
		A13DF67C1895FD2700C12872 /* SceneTestRenderDevice.cpp */ = {isa = PBXFileReference; fileEncoding = 4; lastKnownFileType = sourcecode.cpp.cpp; path = SceneTestRenderDevice.cpp; sourceTree = "<group>"; };
		A13DF67D1895FD2700C12872 /* SceneTestRenderDevice.h */ = {isa = PBXFileReference; fileEncoding = 4; lastKnownFileType = sourcecode.c.h; path = SceneTestRenderDevice.h; sourceTree = "<group>"; };
		A19D7EAC1859700F0009D962 /* foRay */ = {isa = PBXFileReference; explicitFileType = "compiled.mach-o.executable"; includeInIndex = 0; path = foRay; sourceTree = BUILT_PRODUCTS_DIR; };
		A1EF08A81879DB1B000E3A9F /* main.cpp */ = {isa = PBXFileReference; lastKnownFileType = sourcecode.cpp.cpp; path = main.cpp; sourceTree = "<group>"; };
		A1EF08B21879DB1B000E3A9F /* SimpleRayTracer.1 */ = {isa = PBXFileReference; lastKnownFileType = text.man; path = SimpleRayTracer.1; sourceTree = "<group>"; };
		A1EF08BD1879DB2C000E3A9F /* CMakeLists.txt */ = {isa = PBXFileReference; lastKnownFileType = text; path = CMakeLists.txt; sourceTree = "<group>"; };
		A1EF08BF1879DB2C000E3A9F /* _detail.hpp */ = {isa = PBXFileReference; lastKnownFileType = sourcecode.cpp.h; path = _detail.hpp; sourceTree = "<group>"; };
		A1EF08C01879DB2C000E3A9F /* _fixes.hpp */ = {isa = PBXFileReference; lastKnownFileType = sourcecode.cpp.h; path = _fixes.hpp; sourceTree = "<group>"; };
		A1EF08C11879DB2C000E3A9F /* _swizzle.hpp */ = {isa = PBXFileReference; lastKnownFileType = sourcecode.cpp.h; path = _swizzle.hpp; sourceTree = "<group>"; };
		A1EF08C21879DB2C000E3A9F /* _swizzle_func.hpp */ = {isa = PBXFileReference; lastKnownFileType = sourcecode.cpp.h; path = _swizzle_func.hpp; sourceTree = "<group>"; };
		A1EF08C31879DB2C000E3A9F /* _vectorize.hpp */ = {isa = PBXFileReference; lastKnownFileType = sourcecode.cpp.h; path = _vectorize.hpp; sourceTree = "<group>"; };
		A1EF08C41879DB2C000E3A9F /* dummy.cpp */ = {isa = PBXFileReference; lastKnownFileType = sourcecode.cpp.cpp; path = dummy.cpp; sourceTree = "<group>"; };
		A1EF08C51879DB2C000E3A9F /* func_common.hpp */ = {isa = PBXFileReference; lastKnownFileType = sourcecode.cpp.h; path = func_common.hpp; sourceTree = "<group>"; };
		A1EF08C61879DB2C000E3A9F /* func_common.inl */ = {isa = PBXFileReference; lastKnownFileType = text; path = func_common.inl; sourceTree = "<group>"; };
		A1EF08C71879DB2C000E3A9F /* func_exponential.hpp */ = {isa = PBXFileReference; lastKnownFileType = sourcecode.cpp.h; path = func_exponential.hpp; sourceTree = "<group>"; };
		A1EF08C81879DB2C000E3A9F /* func_exponential.inl */ = {isa = PBXFileReference; lastKnownFileType = text; path = func_exponential.inl; sourceTree = "<group>"; };
		A1EF08C91879DB2C000E3A9F /* func_geometric.hpp */ = {isa = PBXFileReference; lastKnownFileType = sourcecode.cpp.h; path = func_geometric.hpp; sourceTree = "<group>"; };
		A1EF08CA1879DB2C000E3A9F /* func_geometric.inl */ = {isa = PBXFileReference; lastKnownFileType = text; path = func_geometric.inl; sourceTree = "<group>"; };
		A1EF08CB1879DB2C000E3A9F /* func_integer.hpp */ = {isa = PBXFileReference; lastKnownFileType = sourcecode.cpp.h; path = func_integer.hpp; sourceTree = "<group>"; };
		A1EF08CC1879DB2C000E3A9F /* func_integer.inl */ = {isa = PBXFileReference; lastKnownFileType = text; path = func_integer.inl; sourceTree = "<group>"; };
		A1EF08CD1879DB2C000E3A9F /* func_matrix.hpp */ = {isa = PBXFileReference; lastKnownFileType = sourcecode.cpp.h; path = func_matrix.hpp; sourceTree = "<group>"; };
		A1EF08CE1879DB2C000E3A9F /* func_matrix.inl */ = {isa = PBXFileReference; lastKnownFileType = text; path = func_matrix.inl; sourceTree = "<group>"; };
		A1EF08CF1879DB2C000E3A9F /* func_noise.hpp */ = {isa = PBXFileReference; lastKnownFileType = sourcecode.cpp.h; path = func_noise.hpp; sourceTree = "<group>"; };
		A1EF08D01879DB2C000E3A9F /* func_noise.inl */ = {isa = PBXFileReference; lastKnownFileType = text; path = func_noise.inl; sourceTree = "<group>"; };
		A1EF08D11879DB2C000E3A9F /* func_packing.hpp */ = {isa = PBXFileReference; lastKnownFileType = sourcecode.cpp.h; path = func_packing.hpp; sourceTree = "<group>"; };
		A1EF08D21879DB2C000E3A9F /* func_packing.inl */ = {isa = PBXFileReference; lastKnownFileType = text; path = func_packing.inl; sourceTree = "<group>"; };
		A1EF08D31879DB2C000E3A9F /* func_trigonometric.hpp */ = {isa = PBXFileReference; lastKnownFileType = sourcecode.cpp.h; path = func_trigonometric.hpp; sourceTree = "<group>"; };
		A1EF08D41879DB2C000E3A9F /* func_trigonometric.inl */ = {isa = PBXFileReference; lastKnownFileType = text; path = func_trigonometric.inl; sourceTree = "<group>"; };
		A1EF08D51879DB2C000E3A9F /* func_vector_relational.hpp */ = {isa = PBXFileReference; lastKnownFileType = sourcecode.cpp.h; path = func_vector_relational.hpp; sourceTree = "<group>"; };
		A1EF08D61879DB2C000E3A9F /* func_vector_relational.inl */ = {isa = PBXFileReference; lastKnownFileType = text; path = func_vector_relational.inl; sourceTree = "<group>"; };
		A1EF08D71879DB2C000E3A9F /* hint.hpp */ = {isa = PBXFileReference; lastKnownFileType = sourcecode.cpp.h; path = hint.hpp; sourceTree = "<group>"; };
		A1EF08D81879DB2C000E3A9F /* intrinsic_common.hpp */ = {isa = PBXFileReference; lastKnownFileType = sourcecode.cpp.h; path = intrinsic_common.hpp; sourceTree = "<group>"; };
		A1EF08D91879DB2C000E3A9F /* intrinsic_common.inl */ = {isa = PBXFileReference; lastKnownFileType = text; path = intrinsic_common.inl; sourceTree = "<group>"; };
		A1EF08DA1879DB2C000E3A9F /* intrinsic_exponential.hpp */ = {isa = PBXFileReference; lastKnownFileType = sourcecode.cpp.h; path = intrinsic_exponential.hpp; sourceTree = "<group>"; };
		A1EF08DB1879DB2C000E3A9F /* intrinsic_exponential.inl */ = {isa = PBXFileReference; lastKnownFileType = text; path = intrinsic_exponential.inl; sourceTree = "<group>"; };
		A1EF08DC1879DB2C000E3A9F /* intrinsic_geometric.hpp */ = {isa = PBXFileReference; lastKnownFileType = sourcecode.cpp.h; path = intrinsic_geometric.hpp; sourceTree = "<group>"; };
		A1EF08DD1879DB2C000E3A9F /* intrinsic_geometric.inl */ = {isa = PBXFileReference; lastKnownFileType = text; path = intrinsic_geometric.inl; sourceTree = "<group>"; };
		A1EF08DE1879DB2C000E3A9F /* intrinsic_matrix.hpp */ = {isa = PBXFileReference; lastKnownFileType = sourcecode.cpp.h; path = intrinsic_matrix.hpp; sourceTree = "<group>"; };
		A1EF08DF1879DB2C000E3A9F /* intrinsic_matrix.inl */ = {isa = PBXFileReference; lastKnownFileType = text; path = intrinsic_matrix.inl; sourceTree = "<group>"; };
		A1EF08E01879DB2C000E3A9F /* intrinsic_trigonometric.hpp */ = {isa = PBXFileReference; lastKnownFileType = sourcecode.cpp.h; path = intrinsic_trigonometric.hpp; sourceTree = "<group>"; };
		A1EF08E11879DB2C000E3A9F /* intrinsic_trigonometric.inl */ = {isa = PBXFileReference; lastKnownFileType = text; path = intrinsic_trigonometric.inl; sourceTree = "<group>"; };
		A1EF08E21879DB2C000E3A9F /* intrinsic_vector_relational.hpp */ = {isa = PBXFileReference; lastKnownFileType = sourcecode.cpp.h; path = intrinsic_vector_relational.hpp; sourceTree = "<group>"; };
		A1EF08E31879DB2C000E3A9F /* intrinsic_vector_relational.inl */ = {isa = PBXFileReference; lastKnownFileType = text; path = intrinsic_vector_relational.inl; sourceTree = "<group>"; };
		A1EF08E41879DB2C000E3A9F /* setup.hpp */ = {isa = PBXFileReference; lastKnownFileType = sourcecode.cpp.h; path = setup.hpp; sourceTree = "<group>"; };
		A1EF08E51879DB2C000E3A9F /* type.hpp */ = {isa = PBXFileReference; lastKnownFileType = sourcecode.cpp.h; path = type.hpp; sourceTree = "<group>"; };
		A1EF08E61879DB2C000E3A9F /* type_float.hpp */ = {isa = PBXFileReference; lastKnownFileType = sourcecode.cpp.h; path = type_float.hpp; sourceTree = "<group>"; };
		A1EF08E71879DB2C000E3A9F /* type_gentype.hpp */ = {isa = PBXFileReference; lastKnownFileType = sourcecode.cpp.h; path = type_gentype.hpp; sourceTree = "<group>"; };
		A1EF08E81879DB2C000E3A9F /* type_gentype.inl */ = {isa = PBXFileReference; lastKnownFileType = text; path = type_gentype.inl; sourceTree = "<group>"; };
		A1EF08E91879DB2C000E3A9F /* type_half.hpp */ = {isa = PBXFileReference; lastKnownFileType = sourcecode.cpp.h; path = type_half.hpp; sourceTree = "<group>"; };
		A1EF08EA1879DB2C000E3A9F /* type_half.inl */ = {isa = PBXFileReference; lastKnownFileType = text; path = type_half.inl; sourceTree = "<group>"; };
		A1EF08EB1879DB2C000E3A9F /* type_int.hpp */ = {isa = PBXFileReference; lastKnownFileType = sourcecode.cpp.h; path = type_int.hpp; sourceTree = "<group>"; };
		A1EF08EC1879DB2C000E3A9F /* type_mat.hpp */ = {isa = PBXFileReference; lastKnownFileType = sourcecode.cpp.h; path = type_mat.hpp; sourceTree = "<group>"; };
		A1EF08ED1879DB2C000E3A9F /* type_mat.inl */ = {isa = PBXFileReference; lastKnownFileType = text; path = type_mat.inl; sourceTree = "<group>"; };
		A1EF08EE1879DB2C000E3A9F /* type_mat2x2.hpp */ = {isa = PBXFileReference; lastKnownFileType = sourcecode.cpp.h; path = type_mat2x2.hpp; sourceTree = "<group>"; };
		A1EF08EF1879DB2C000E3A9F /* type_mat2x2.inl */ = {isa = PBXFileReference; lastKnownFileType = text; path = type_mat2x2.inl; sourceTree = "<group>"; };
		A1EF08F01879DB2C000E3A9F /* type_mat2x3.hpp */ = {isa = PBXFileReference; lastKnownFileType = sourcecode.cpp.h; path = type_mat2x3.hpp; sourceTree = "<group>"; };
		A1EF08F11879DB2C000E3A9F /* type_mat2x3.inl */ = {isa = PBXFileReference; lastKnownFileType = text; path = type_mat2x3.inl; sourceTree = "<group>"; };
		A1EF08F21879DB2C000E3A9F /* type_mat2x4.hpp */ = {isa = PBXFileReference; lastKnownFileType = sourcecode.cpp.h; path = type_mat2x4.hpp; sourceTree = "<group>"; };
		A1EF08F31879DB2C000E3A9F /* type_mat2x4.inl */ = {isa = PBXFileReference; lastKnownFileType = text; path = type_mat2x4.inl; sourceTree = "<group>"; };
		A1EF08F41879DB2C000E3A9F /* type_mat3x2.hpp */ = {isa = PBXFileReference; lastKnownFileType = sourcecode.cpp.h; path = type_mat3x2.hpp; sourceTree = "<group>"; };
		A1EF08F51879DB2C000E3A9F /* type_mat3x2.inl */ = {isa = PBXFileReference; lastKnownFileType = text; path = type_mat3x2.inl; sourceTree = "<group>"; };
		A1EF08F61879DB2C000E3A9F /* type_mat3x3.hpp */ = {isa = PBXFileReference; lastKnownFileType = sourcecode.cpp.h; path = type_mat3x3.hpp; sourceTree = "<group>"; };
		A1EF08F71879DB2C000E3A9F /* type_mat3x3.inl */ = {isa = PBXFileReference; lastKnownFileType = text; path = type_mat3x3.inl; sourceTree = "<group>"; };
		A1EF08F81879DB2C000E3A9F /* type_mat3x4.hpp */ = {isa = PBXFileReference; lastKnownFileType = sourcecode.cpp.h; path = type_mat3x4.hpp; sourceTree = "<group>"; };
		A1EF08F91879DB2C000E3A9F /* type_mat3x4.inl */ = {isa = PBXFileReference; lastKnownFileType = text; path = type_mat3x4.inl; sourceTree = "<group>"; };
		A1EF08FA1879DB2C000E3A9F /* type_mat4x2.hpp */ = {isa = PBXFileReference; lastKnownFileType = sourcecode.cpp.h; path = type_mat4x2.hpp; sourceTree = "<group>"; };
		A1EF08FB1879DB2C000E3A9F /* type_mat4x2.inl */ = {isa = PBXFileReference; lastKnownFileType = text; path = type_mat4x2.inl; sourceTree = "<group>"; };
		A1EF08FC1879DB2C000E3A9F /* type_mat4x3.hpp */ = {isa = PBXFileReference; lastKnownFileType = sourcecode.cpp.h; path = type_mat4x3.hpp; sourceTree = "<group>"; };
		A1EF08FD1879DB2C000E3A9F /* type_mat4x3.inl */ = {isa = PBXFileReference; lastKnownFileType = text; path = type_mat4x3.inl; sourceTree = "<group>"; };
		A1EF08FE1879DB2C000E3A9F /* type_mat4x4.hpp */ = {isa = PBXFileReference; lastKnownFileType = sourcecode.cpp.h; path = type_mat4x4.hpp; sourceTree = "<group>"; };
		A1EF08FF1879DB2C000E3A9F /* type_mat4x4.inl */ = {isa = PBXFileReference; lastKnownFileType = text; path = type_mat4x4.inl; sourceTree = "<group>"; };
		A1EF09001879DB2C000E3A9F /* type_size.hpp */ = {isa = PBXFileReference; lastKnownFileType = sourcecode.cpp.h; path = type_size.hpp; sourceTree = "<group>"; };
		A1EF09011879DB2C000E3A9F /* type_vec.hpp */ = {isa = PBXFileReference; lastKnownFileType = sourcecode.cpp.h; path = type_vec.hpp; sourceTree = "<group>"; };
		A1EF09021879DB2C000E3A9F /* type_vec.inl */ = {isa = PBXFileReference; lastKnownFileType = text; path = type_vec.inl; sourceTree = "<group>"; };
		A1EF09031879DB2C000E3A9F /* type_vec1.hpp */ = {isa = PBXFileReference; lastKnownFileType = sourcecode.cpp.h; path = type_vec1.hpp; sourceTree = "<group>"; };
		A1EF09041879DB2C000E3A9F /* type_vec1.inl */ = {isa = PBXFileReference; lastKnownFileType = text; path = type_vec1.inl; sourceTree = "<group>"; };
		A1EF09051879DB2C000E3A9F /* type_vec2.hpp */ = {isa = PBXFileReference; lastKnownFileType = sourcecode.cpp.h; path = type_vec2.hpp; sourceTree = "<group>"; };
		A1EF09061879DB2C000E3A9F /* type_vec2.inl */ = {isa = PBXFileReference; lastKnownFileType = text; path = type_vec2.inl; sourceTree = "<group>"; };
		A1EF09071879DB2C000E3A9F /* type_vec3.hpp */ = {isa = PBXFileReference; lastKnownFileType = sourcecode.cpp.h; path = type_vec3.hpp; sourceTree = "<group>"; };
		A1EF09081879DB2C000E3A9F /* type_vec3.inl */ = {isa = PBXFileReference; lastKnownFileType = text; path = type_vec3.inl; sourceTree = "<group>"; };
		A1EF09091879DB2C000E3A9F /* type_vec4.hpp */ = {isa = PBXFileReference; lastKnownFileType = sourcecode.cpp.h; path = type_vec4.hpp; sourceTree = "<group>"; };
		A1EF090A1879DB2C000E3A9F /* type_vec4.inl */ = {isa = PBXFileReference; lastKnownFileType = text; path = type_vec4.inl; sourceTree = "<group>"; };
		A1EF090B1879DB2C000E3A9F /* ext.hpp */ = {isa = PBXFileReference; lastKnownFileType = sourcecode.cpp.h; path = ext.hpp; sourceTree = "<group>"; };
		A1EF090C1879DB2C000E3A9F /* glm.hpp */ = {isa = PBXFileReference; lastKnownFileType = sourcecode.cpp.h; path = glm.hpp; sourceTree = "<group>"; };
		A1EF090E1879DB2C000E3A9F /* constants.hpp */ = {isa = PBXFileReference; lastKnownFileType = sourcecode.cpp.h; path = constants.hpp; sourceTree = "<group>"; };
		A1EF090F1879DB2C000E3A9F /* constants.inl */ = {isa = PBXFileReference; lastKnownFileType = text; path = constants.inl; sourceTree = "<group>"; };
		A1EF09101879DB2C000E3A9F /* epsilon.hpp */ = {isa = PBXFileReference; lastKnownFileType = sourcecode.cpp.h; path = epsilon.hpp; sourceTree = "<group>"; };
		A1EF09111879DB2C000E3A9F /* epsilon.inl */ = {isa = PBXFileReference; lastKnownFileType = text; path = epsilon.inl; sourceTree = "<group>"; };
		A1EF09121879DB2C000E3A9F /* half_float.hpp */ = {isa = PBXFileReference; lastKnownFileType = sourcecode.cpp.h; path = half_float.hpp; sourceTree = "<group>"; };
		A1EF09131879DB2C000E3A9F /* half_float.inl */ = {isa = PBXFileReference; lastKnownFileType = text; path = half_float.inl; sourceTree = "<group>"; };
		A1EF09141879DB2C000E3A9F /* matrix_access.hpp */ = {isa = PBXFileReference; lastKnownFileType = sourcecode.cpp.h; path = matrix_access.hpp; sourceTree = "<group>"; };
		A1EF09151879DB2C000E3A9F /* matrix_access.inl */ = {isa = PBXFileReference; lastKnownFileType = text; path = matrix_access.inl; sourceTree = "<group>"; };
		A1EF09161879DB2C000E3A9F /* matrix_integer.hpp */ = {isa = PBXFileReference; lastKnownFileType = sourcecode.cpp.h; path = matrix_integer.hpp; sourceTree = "<group>"; };
		A1EF09171879DB2C000E3A9F /* matrix_inverse.hpp */ = {isa = PBXFileReference; lastKnownFileType = sourcecode.cpp.h; path = matrix_inverse.hpp; sourceTree = "<group>"; };
		A1EF09181879DB2C000E3A9F /* matrix_inverse.inl */ = {isa = PBXFileReference; lastKnownFileType = text; path = matrix_inverse.inl; sourceTree = "<group>"; };
		A1EF09191879DB2C000E3A9F /* matrix_transform.hpp */ = {isa = PBXFileReference; lastKnownFileType = sourcecode.cpp.h; path = matrix_transform.hpp; sourceTree = "<group>"; };
		A1EF091A1879DB2C000E3A9F /* matrix_transform.inl */ = {isa = PBXFileReference; lastKnownFileType = text; path = matrix_transform.inl; sourceTree = "<group>"; };
		A1EF091B1879DB2C000E3A9F /* noise.hpp */ = {isa = PBXFileReference; lastKnownFileType = sourcecode.cpp.h; path = noise.hpp; sourceTree = "<group>"; };
		A1EF091C1879DB2C000E3A9F /* noise.inl */ = {isa = PBXFileReference; lastKnownFileType = text; path = noise.inl; sourceTree = "<group>"; };
		A1EF091D1879DB2C000E3A9F /* quaternion.hpp */ = {isa = PBXFileReference; lastKnownFileType = sourcecode.cpp.h; path = quaternion.hpp; sourceTree = "<group>"; };
		A1EF091E1879DB2C000E3A9F /* quaternion.inl */ = {isa = PBXFileReference; lastKnownFileType = text; path = quaternion.inl; sourceTree = "<group>"; };
		A1EF091F1879DB2C000E3A9F /* random.hpp */ = {isa = PBXFileReference; lastKnownFileType = sourcecode.cpp.h; path = random.hpp; sourceTree = "<group>"; };
		A1EF09201879DB2C000E3A9F /* random.inl */ = {isa = PBXFileReference; lastKnownFileType = text; path = random.inl; sourceTree = "<group>"; };
		A1EF09211879DB2C000E3A9F /* reciprocal.hpp */ = {isa = PBXFileReference; lastKnownFileType = sourcecode.cpp.h; path = reciprocal.hpp; sourceTree = "<group>"; };
		A1EF09221879DB2C000E3A9F /* reciprocal.inl */ = {isa = PBXFileReference; lastKnownFileType = text; path = reciprocal.inl; sourceTree = "<group>"; };
		A1EF09231879DB2C000E3A9F /* swizzle.hpp */ = {isa = PBXFileReference; lastKnownFileType = sourcecode.cpp.h; path = swizzle.hpp; sourceTree = "<group>"; };
		A1EF09241879DB2C000E3A9F /* swizzle.inl */ = {isa = PBXFileReference; lastKnownFileType = text; path = swizzle.inl; sourceTree = "<group>"; };
		A1EF09251879DB2C000E3A9F /* type_precision.hpp */ = {isa = PBXFileReference; lastKnownFileType = sourcecode.cpp.h; path = type_precision.hpp; sourceTree = "<group>"; };
		A1EF09261879DB2C000E3A9F /* type_precision.inl */ = {isa = PBXFileReference; lastKnownFileType = text; path = type_precision.inl; sourceTree = "<group>"; };
		A1EF09271879DB2C000E3A9F /* type_ptr.hpp */ = {isa = PBXFileReference; lastKnownFileType = sourcecode.cpp.h; path = type_ptr.hpp; sourceTree = "<group>"; };
		A1EF09281879DB2C000E3A9F /* type_ptr.inl */ = {isa = PBXFileReference; lastKnownFileType = text; path = type_ptr.inl; sourceTree = "<group>"; };
		A1EF09291879DB2C000E3A9F /* ulp.hpp */ = {isa = PBXFileReference; lastKnownFileType = sourcecode.cpp.h; path = ulp.hpp; sourceTree = "<group>"; };
		A1EF092A1879DB2C000E3A9F /* ulp.inl */ = {isa = PBXFileReference; lastKnownFileType = text; path = ulp.inl; sourceTree = "<group>"; };
		A1EF092C1879DB2C000E3A9F /* associated_min_max.hpp */ = {isa = PBXFileReference; lastKnownFileType = sourcecode.cpp.h; path = associated_min_max.hpp; sourceTree = "<group>"; };
		A1EF092D1879DB2C000E3A9F /* associated_min_max.inl */ = {isa = PBXFileReference; lastKnownFileType = text; path = associated_min_max.inl; sourceTree = "<group>"; };
		A1EF092E1879DB2C000E3A9F /* bit.hpp */ = {isa = PBXFileReference; lastKnownFileType = sourcecode.cpp.h; path = bit.hpp; sourceTree = "<group>"; };
		A1EF092F1879DB2C000E3A9F /* bit.inl */ = {isa = PBXFileReference; lastKnownFileType = text; path = bit.inl; sourceTree = "<group>"; };
		A1EF09301879DB2C000E3A9F /* closest_point.hpp */ = {isa = PBXFileReference; lastKnownFileType = sourcecode.cpp.h; path = closest_point.hpp; sourceTree = "<group>"; };
		A1EF09311879DB2C000E3A9F /* closest_point.inl */ = {isa = PBXFileReference; lastKnownFileType = text; path = closest_point.inl; sourceTree = "<group>"; };
		A1EF09321879DB2C000E3A9F /* color_cast.hpp */ = {isa = PBXFileReference; lastKnownFileType = sourcecode.cpp.h; path = color_cast.hpp; sourceTree = "<group>"; };
		A1EF09331879DB2C000E3A9F /* color_cast.inl */ = {isa = PBXFileReference; lastKnownFileType = text; path = color_cast.inl; sourceTree = "<group>"; };
		A1EF09341879DB2C000E3A9F /* color_space.hpp */ = {isa = PBXFileReference; lastKnownFileType = sourcecode.cpp.h; path = color_space.hpp; sourceTree = "<group>"; };
		A1EF09351879DB2C000E3A9F /* color_space.inl */ = {isa = PBXFileReference; lastKnownFileType = text; path = color_space.inl; sourceTree = "<group>"; };
		A1EF09361879DB2C000E3A9F /* color_space_YCoCg.hpp */ = {isa = PBXFileReference; lastKnownFileType = sourcecode.cpp.h; path = color_space_YCoCg.hpp; sourceTree = "<group>"; };
		A1EF09371879DB2C000E3A9F /* color_space_YCoCg.inl */ = {isa = PBXFileReference; lastKnownFileType = text; path = color_space_YCoCg.inl; sourceTree = "<group>"; };
		A1EF09381879DB2C000E3A9F /* compatibility.hpp */ = {isa = PBXFileReference; lastKnownFileType = sourcecode.cpp.h; path = compatibility.hpp; sourceTree = "<group>"; };
		A1EF09391879DB2C000E3A9F /* compatibility.inl */ = {isa = PBXFileReference; lastKnownFileType = text; path = compatibility.inl; sourceTree = "<group>"; };
		A1EF093A1879DB2C000E3A9F /* component_wise.hpp */ = {isa = PBXFileReference; lastKnownFileType = sourcecode.cpp.h; path = component_wise.hpp; sourceTree = "<group>"; };
		A1EF093B1879DB2C000E3A9F /* component_wise.inl */ = {isa = PBXFileReference; lastKnownFileType = text; path = component_wise.inl; sourceTree = "<group>"; };
		A1EF093C1879DB2C000E3A9F /* constants.hpp */ = {isa = PBXFileReference; lastKnownFileType = sourcecode.cpp.h; path = constants.hpp; sourceTree = "<group>"; };
		A1EF093D1879DB2C000E3A9F /* epsilon.hpp */ = {isa = PBXFileReference; lastKnownFileType = sourcecode.cpp.h; path = epsilon.hpp; sourceTree = "<group>"; };
		A1EF093E1879DB2C000E3A9F /* euler_angles.hpp */ = {isa = PBXFileReference; lastKnownFileType = sourcecode.cpp.h; path = euler_angles.hpp; sourceTree = "<group>"; };
		A1EF093F1879DB2C000E3A9F /* euler_angles.inl */ = {isa = PBXFileReference; lastKnownFileType = text; path = euler_angles.inl; sourceTree = "<group>"; };
		A1EF09401879DB2C000E3A9F /* extend.hpp */ = {isa = PBXFileReference; lastKnownFileType = sourcecode.cpp.h; path = extend.hpp; sourceTree = "<group>"; };
		A1EF09411879DB2C000E3A9F /* extend.inl */ = {isa = PBXFileReference; lastKnownFileType = text; path = extend.inl; sourceTree = "<group>"; };
		A1EF09421879DB2D000E3A9F /* extented_min_max.hpp */ = {isa = PBXFileReference; lastKnownFileType = sourcecode.cpp.h; path = extented_min_max.hpp; sourceTree = "<group>"; };
		A1EF09431879DB2D000E3A9F /* extented_min_max.inl */ = {isa = PBXFileReference; lastKnownFileType = text; path = extented_min_max.inl; sourceTree = "<group>"; };
		A1EF09441879DB2D000E3A9F /* fast_exponential.hpp */ = {isa = PBXFileReference; lastKnownFileType = sourcecode.cpp.h; path = fast_exponential.hpp; sourceTree = "<group>"; };
		A1EF09451879DB2D000E3A9F /* fast_exponential.inl */ = {isa = PBXFileReference; lastKnownFileType = text; path = fast_exponential.inl; sourceTree = "<group>"; };
		A1EF09461879DB2D000E3A9F /* fast_square_root.hpp */ = {isa = PBXFileReference; lastKnownFileType = sourcecode.cpp.h; path = fast_square_root.hpp; sourceTree = "<group>"; };
		A1EF09471879DB2D000E3A9F /* fast_square_root.inl */ = {isa = PBXFileReference; lastKnownFileType = text; path = fast_square_root.inl; sourceTree = "<group>"; };
		A1EF09481879DB2D000E3A9F /* fast_trigonometry.hpp */ = {isa = PBXFileReference; lastKnownFileType = sourcecode.cpp.h; path = fast_trigonometry.hpp; sourceTree = "<group>"; };
		A1EF09491879DB2D000E3A9F /* fast_trigonometry.inl */ = {isa = PBXFileReference; lastKnownFileType = text; path = fast_trigonometry.inl; sourceTree = "<group>"; };
		A1EF094A1879DB2D000E3A9F /* gradient_paint.hpp */ = {isa = PBXFileReference; lastKnownFileType = sourcecode.cpp.h; path = gradient_paint.hpp; sourceTree = "<group>"; };
		A1EF094B1879DB2D000E3A9F /* gradient_paint.inl */ = {isa = PBXFileReference; lastKnownFileType = text; path = gradient_paint.inl; sourceTree = "<group>"; };
		A1EF094C1879DB2D000E3A9F /* handed_coordinate_space.hpp */ = {isa = PBXFileReference; lastKnownFileType = sourcecode.cpp.h; path = handed_coordinate_space.hpp; sourceTree = "<group>"; };
		A1EF094D1879DB2D000E3A9F /* handed_coordinate_space.inl */ = {isa = PBXFileReference; lastKnownFileType = text; path = handed_coordinate_space.inl; sourceTree = "<group>"; };
		A1EF094E1879DB2D000E3A9F /* inertia.hpp */ = {isa = PBXFileReference; lastKnownFileType = sourcecode.cpp.h; path = inertia.hpp; sourceTree = "<group>"; };
		A1EF094F1879DB2D000E3A9F /* inertia.inl */ = {isa = PBXFileReference; lastKnownFileType = text; path = inertia.inl; sourceTree = "<group>"; };
		A1EF09501879DB2D000E3A9F /* int_10_10_10_2.hpp */ = {isa = PBXFileReference; lastKnownFileType = sourcecode.cpp.h; path = int_10_10_10_2.hpp; sourceTree = "<group>"; };
		A1EF09511879DB2D000E3A9F /* int_10_10_10_2.inl */ = {isa = PBXFileReference; lastKnownFileType = text; path = int_10_10_10_2.inl; sourceTree = "<group>"; };
		A1EF09521879DB2D000E3A9F /* integer.hpp */ = {isa = PBXFileReference; lastKnownFileType = sourcecode.cpp.h; path = integer.hpp; sourceTree = "<group>"; };
		A1EF09531879DB2D000E3A9F /* integer.inl */ = {isa = PBXFileReference; lastKnownFileType = text; path = integer.inl; sourceTree = "<group>"; };
		A1EF09541879DB2D000E3A9F /* intersect.hpp */ = {isa = PBXFileReference; lastKnownFileType = sourcecode.cpp.h; path = intersect.hpp; sourceTree = "<group>"; };
		A1EF09551879DB2D000E3A9F /* intersect.inl */ = {isa = PBXFileReference; lastKnownFileType = text; path = intersect.inl; sourceTree = "<group>"; };
		A1EF09561879DB2D000E3A9F /* log_base.hpp */ = {isa = PBXFileReference; lastKnownFileType = sourcecode.cpp.h; path = log_base.hpp; sourceTree = "<group>"; };
		A1EF09571879DB2D000E3A9F /* log_base.inl */ = {isa = PBXFileReference; lastKnownFileType = text; path = log_base.inl; sourceTree = "<group>"; };
		A1EF09581879DB2D000E3A9F /* matrix_cross_product.hpp */ = {isa = PBXFileReference; lastKnownFileType = sourcecode.cpp.h; path = matrix_cross_product.hpp; sourceTree = "<group>"; };
		A1EF09591879DB2D000E3A9F /* matrix_cross_product.inl */ = {isa = PBXFileReference; lastKnownFileType = text; path = matrix_cross_product.inl; sourceTree = "<group>"; };
		A1EF095A1879DB2D000E3A9F /* matrix_interpolation.hpp */ = {isa = PBXFileReference; lastKnownFileType = sourcecode.cpp.h; path = matrix_interpolation.hpp; sourceTree = "<group>"; };
		A1EF095B1879DB2D000E3A9F /* matrix_interpolation.inl */ = {isa = PBXFileReference; lastKnownFileType = text; path = matrix_interpolation.inl; sourceTree = "<group>"; };
		A1EF095C1879DB2D000E3A9F /* matrix_major_storage.hpp */ = {isa = PBXFileReference; lastKnownFileType = sourcecode.cpp.h; path = matrix_major_storage.hpp; sourceTree = "<group>"; };
		A1EF095D1879DB2D000E3A9F /* matrix_major_storage.inl */ = {isa = PBXFileReference; lastKnownFileType = text; path = matrix_major_storage.inl; sourceTree = "<group>"; };
		A1EF095E1879DB2D000E3A9F /* matrix_operation.hpp */ = {isa = PBXFileReference; lastKnownFileType = sourcecode.cpp.h; path = matrix_operation.hpp; sourceTree = "<group>"; };
		A1EF095F1879DB2D000E3A9F /* matrix_operation.inl */ = {isa = PBXFileReference; lastKnownFileType = text; path = matrix_operation.inl; sourceTree = "<group>"; };
		A1EF09601879DB2D000E3A9F /* matrix_query.hpp */ = {isa = PBXFileReference; lastKnownFileType = sourcecode.cpp.h; path = matrix_query.hpp; sourceTree = "<group>"; };
		A1EF09611879DB2D000E3A9F /* matrix_query.inl */ = {isa = PBXFileReference; lastKnownFileType = text; path = matrix_query.inl; sourceTree = "<group>"; };
		A1EF09621879DB2D000E3A9F /* mixed_product.hpp */ = {isa = PBXFileReference; lastKnownFileType = sourcecode.cpp.h; path = mixed_product.hpp; sourceTree = "<group>"; };
		A1EF09631879DB2D000E3A9F /* mixed_product.inl */ = {isa = PBXFileReference; lastKnownFileType = text; path = mixed_product.inl; sourceTree = "<group>"; };
		A1EF09641879DB2D000E3A9F /* multiple.hpp */ = {isa = PBXFileReference; lastKnownFileType = sourcecode.cpp.h; path = multiple.hpp; sourceTree = "<group>"; };
		A1EF09651879DB2D000E3A9F /* multiple.inl */ = {isa = PBXFileReference; lastKnownFileType = text; path = multiple.inl; sourceTree = "<group>"; };
		A1EF09661879DB2D000E3A9F /* noise.hpp */ = {isa = PBXFileReference; lastKnownFileType = sourcecode.cpp.h; path = noise.hpp; sourceTree = "<group>"; };
		A1EF09671879DB2D000E3A9F /* norm.hpp */ = {isa = PBXFileReference; lastKnownFileType = sourcecode.cpp.h; path = norm.hpp; sourceTree = "<group>"; };
		A1EF09681879DB2D000E3A9F /* norm.inl */ = {isa = PBXFileReference; lastKnownFileType = text; path = norm.inl; sourceTree = "<group>"; };
		A1EF09691879DB2D000E3A9F /* normal.hpp */ = {isa = PBXFileReference; lastKnownFileType = sourcecode.cpp.h; path = normal.hpp; sourceTree = "<group>"; };
		A1EF096A1879DB2D000E3A9F /* normal.inl */ = {isa = PBXFileReference; lastKnownFileType = text; path = normal.inl; sourceTree = "<group>"; };
		A1EF096B1879DB2D000E3A9F /* normalize_dot.hpp */ = {isa = PBXFileReference; lastKnownFileType = sourcecode.cpp.h; path = normalize_dot.hpp; sourceTree = "<group>"; };
		A1EF096C1879DB2D000E3A9F /* normalize_dot.inl */ = {isa = PBXFileReference; lastKnownFileType = text; path = normalize_dot.inl; sourceTree = "<group>"; };
		A1EF096D1879DB2D000E3A9F /* number_precision.hpp */ = {isa = PBXFileReference; lastKnownFileType = sourcecode.cpp.h; path = number_precision.hpp; sourceTree = "<group>"; };
		A1EF096E1879DB2D000E3A9F /* number_precision.inl */ = {isa = PBXFileReference; lastKnownFileType = text; path = number_precision.inl; sourceTree = "<group>"; };
		A1EF096F1879DB2D000E3A9F /* ocl_type.hpp */ = {isa = PBXFileReference; lastKnownFileType = sourcecode.cpp.h; path = ocl_type.hpp; sourceTree = "<group>"; };
		A1EF09701879DB2D000E3A9F /* ocl_type.inl */ = {isa = PBXFileReference; lastKnownFileType = text; path = ocl_type.inl; sourceTree = "<group>"; };
		A1EF09711879DB2D000E3A9F /* optimum_pow.hpp */ = {isa = PBXFileReference; lastKnownFileType = sourcecode.cpp.h; path = optimum_pow.hpp; sourceTree = "<group>"; };
		A1EF09721879DB2D000E3A9F /* optimum_pow.inl */ = {isa = PBXFileReference; lastKnownFileType = text; path = optimum_pow.inl; sourceTree = "<group>"; };
		A1EF09731879DB2D000E3A9F /* orthonormalize.hpp */ = {isa = PBXFileReference; lastKnownFileType = sourcecode.cpp.h; path = orthonormalize.hpp; sourceTree = "<group>"; };
		A1EF09741879DB2D000E3A9F /* orthonormalize.inl */ = {isa = PBXFileReference; lastKnownFileType = text; path = orthonormalize.inl; sourceTree = "<group>"; };
		A1EF09751879DB2D000E3A9F /* perpendicular.hpp */ = {isa = PBXFileReference; lastKnownFileType = sourcecode.cpp.h; path = perpendicular.hpp; sourceTree = "<group>"; };
		A1EF09761879DB2D000E3A9F /* perpendicular.inl */ = {isa = PBXFileReference; lastKnownFileType = text; path = perpendicular.inl; sourceTree = "<group>"; };
		A1EF09771879DB2D000E3A9F /* polar_coordinates.hpp */ = {isa = PBXFileReference; lastKnownFileType = sourcecode.cpp.h; path = polar_coordinates.hpp; sourceTree = "<group>"; };
		A1EF09781879DB2D000E3A9F /* polar_coordinates.inl */ = {isa = PBXFileReference; lastKnownFileType = text; path = polar_coordinates.inl; sourceTree = "<group>"; };
		A1EF09791879DB2D000E3A9F /* projection.hpp */ = {isa = PBXFileReference; lastKnownFileType = sourcecode.cpp.h; path = projection.hpp; sourceTree = "<group>"; };
		A1EF097A1879DB2D000E3A9F /* projection.inl */ = {isa = PBXFileReference; lastKnownFileType = text; path = projection.inl; sourceTree = "<group>"; };
		A1EF097B1879DB2D000E3A9F /* quaternion.hpp */ = {isa = PBXFileReference; lastKnownFileType = sourcecode.cpp.h; path = quaternion.hpp; sourceTree = "<group>"; };
		A1EF097C1879DB2D000E3A9F /* quaternion.inl */ = {isa = PBXFileReference; lastKnownFileType = text; path = quaternion.inl; sourceTree = "<group>"; };
		A1EF097D1879DB2D000E3A9F /* random.hpp */ = {isa = PBXFileReference; lastKnownFileType = sourcecode.cpp.h; path = random.hpp; sourceTree = "<group>"; };
		A1EF097E1879DB2D000E3A9F /* raw_data.hpp */ = {isa = PBXFileReference; lastKnownFileType = sourcecode.cpp.h; path = raw_data.hpp; sourceTree = "<group>"; };
		A1EF097F1879DB2D000E3A9F /* raw_data.inl */ = {isa = PBXFileReference; lastKnownFileType = text; path = raw_data.inl; sourceTree = "<group>"; };
		A1EF09801879DB2D000E3A9F /* reciprocal.hpp */ = {isa = PBXFileReference; lastKnownFileType = sourcecode.cpp.h; path = reciprocal.hpp; sourceTree = "<group>"; };
		A1EF09811879DB2D000E3A9F /* rotate_vector.hpp */ = {isa = PBXFileReference; lastKnownFileType = sourcecode.cpp.h; path = rotate_vector.hpp; sourceTree = "<group>"; };
		A1EF09821879DB2D000E3A9F /* rotate_vector.inl */ = {isa = PBXFileReference; lastKnownFileType = text; path = rotate_vector.inl; sourceTree = "<group>"; };
		A1EF09831879DB2D000E3A9F /* simd_mat4.hpp */ = {isa = PBXFileReference; lastKnownFileType = sourcecode.cpp.h; path = simd_mat4.hpp; sourceTree = "<group>"; };
		A1EF09841879DB2D000E3A9F /* simd_mat4.inl */ = {isa = PBXFileReference; lastKnownFileType = text; path = simd_mat4.inl; sourceTree = "<group>"; };
		A1EF09851879DB2D000E3A9F /* simd_vec4.hpp */ = {isa = PBXFileReference; lastKnownFileType = sourcecode.cpp.h; path = simd_vec4.hpp; sourceTree = "<group>"; };
		A1EF09861879DB2D000E3A9F /* simd_vec4.inl */ = {isa = PBXFileReference; lastKnownFileType = text; path = simd_vec4.inl; sourceTree = "<group>"; };
		A1EF09871879DB2D000E3A9F /* spline.hpp */ = {isa = PBXFileReference; lastKnownFileType = sourcecode.cpp.h; path = spline.hpp; sourceTree = "<group>"; };
		A1EF09881879DB2D000E3A9F /* spline.inl */ = {isa = PBXFileReference; lastKnownFileType = text; path = spline.inl; sourceTree = "<group>"; };
		A1EF09891879DB2D000E3A9F /* std_based_type.hpp */ = {isa = PBXFileReference; lastKnownFileType = sourcecode.cpp.h; path = std_based_type.hpp; sourceTree = "<group>"; };
		A1EF098A1879DB2D000E3A9F /* std_based_type.inl */ = {isa = PBXFileReference; lastKnownFileType = text; path = std_based_type.inl; sourceTree = "<group>"; };
		A1EF098B1879DB2D000E3A9F /* string_cast.hpp */ = {isa = PBXFileReference; lastKnownFileType = sourcecode.cpp.h; path = string_cast.hpp; sourceTree = "<group>"; };
		A1EF098C1879DB2D000E3A9F /* string_cast.inl */ = {isa = PBXFileReference; lastKnownFileType = text; path = string_cast.inl; sourceTree = "<group>"; };
		A1EF098D1879DB2D000E3A9F /* transform.hpp */ = {isa = PBXFileReference; lastKnownFileType = sourcecode.cpp.h; path = transform.hpp; sourceTree = "<group>"; };
		A1EF098E1879DB2D000E3A9F /* transform.inl */ = {isa = PBXFileReference; lastKnownFileType = text; path = transform.inl; sourceTree = "<group>"; };
		A1EF098F1879DB2D000E3A9F /* transform2.hpp */ = {isa = PBXFileReference; lastKnownFileType = sourcecode.cpp.h; path = transform2.hpp; sourceTree = "<group>"; };
		A1EF09901879DB2D000E3A9F /* transform2.inl */ = {isa = PBXFileReference; lastKnownFileType = text; path = transform2.inl; sourceTree = "<group>"; };
		A1EF09911879DB2D000E3A9F /* ulp.hpp */ = {isa = PBXFileReference; lastKnownFileType = sourcecode.cpp.h; path = ulp.hpp; sourceTree = "<group>"; };
		A1EF09921879DB2D000E3A9F /* unsigned_int.hpp */ = {isa = PBXFileReference; lastKnownFileType = sourcecode.cpp.h; path = unsigned_int.hpp; sourceTree = "<group>"; };
		A1EF09931879DB2D000E3A9F /* unsigned_int.inl */ = {isa = PBXFileReference; lastKnownFileType = text; path = unsigned_int.inl; sourceTree = "<group>"; };
		A1EF09941879DB2D000E3A9F /* vec1.hpp */ = {isa = PBXFileReference; lastKnownFileType = sourcecode.cpp.h; path = vec1.hpp; sourceTree = "<group>"; };
		A1EF09951879DB2D000E3A9F /* vec1.inl */ = {isa = PBXFileReference; lastKnownFileType = text; path = vec1.inl; sourceTree = "<group>"; };
		A1EF09961879DB2D000E3A9F /* vector_access.hpp */ = {isa = PBXFileReference; lastKnownFileType = sourcecode.cpp.h; path = vector_access.hpp; sourceTree = "<group>"; };
		A1EF09971879DB2D000E3A9F /* vector_access.inl */ = {isa = PBXFileReference; lastKnownFileType = text; path = vector_access.inl; sourceTree = "<group>"; };
		A1EF09981879DB2D000E3A9F /* vector_angle.hpp */ = {isa = PBXFileReference; lastKnownFileType = sourcecode.cpp.h; path = vector_angle.hpp; sourceTree = "<group>"; };
		A1EF09991879DB2D000E3A9F /* vector_angle.inl */ = {isa = PBXFileReference; lastKnownFileType = text; path = vector_angle.inl; sourceTree = "<group>"; };
		A1EF099A1879DB2D000E3A9F /* vector_query.hpp */ = {isa = PBXFileReference; lastKnownFileType = sourcecode.cpp.h; path = vector_query.hpp; sourceTree = "<group>"; };
		A1EF099B1879DB2D000E3A9F /* vector_query.inl */ = {isa = PBXFileReference; lastKnownFileType = text; path = vector_query.inl; sourceTree = "<group>"; };
		A1EF099C1879DB2D000E3A9F /* verbose_operator.hpp */ = {isa = PBXFileReference; lastKnownFileType = sourcecode.cpp.h; path = verbose_operator.hpp; sourceTree = "<group>"; };
		A1EF099D1879DB2D000E3A9F /* verbose_operator.inl */ = {isa = PBXFileReference; lastKnownFileType = text; path = verbose_operator.inl; sourceTree = "<group>"; };
		A1EF099E1879DB2D000E3A9F /* wrap.hpp */ = {isa = PBXFileReference; lastKnownFileType = sourcecode.cpp.h; path = wrap.hpp; sourceTree = "<group>"; };
		A1EF099F1879DB2D000E3A9F /* wrap.inl */ = {isa = PBXFileReference; lastKnownFileType = text; path = wrap.inl; sourceTree = "<group>"; };
		A1EF09A11879DB2D000E3A9F /* xstream.hpp */ = {isa = PBXFileReference; lastKnownFileType = sourcecode.cpp.h; path = xstream.hpp; sourceTree = "<group>"; };
		A1EF09A31879DB2D000E3A9F /* license.txt */ = {isa = PBXFileReference; lastKnownFileType = text; path = license.txt; sourceTree = "<group>"; };
		A1EF09A41879DB2D000E3A9F /* manual.html */ = {isa = PBXFileReference; lastKnownFileType = text.html; path = manual.html; sourceTree = "<group>"; };
		A1EF09A51879DB2D000E3A9F /* rapidxml.hpp */ = {isa = PBXFileReference; lastKnownFileType = sourcecode.cpp.h; path = rapidxml.hpp; sourceTree = "<group>"; };
		A1EF09A61879DB2D000E3A9F /* rapidxml_iterators.hpp */ = {isa = PBXFileReference; lastKnownFileType = sourcecode.cpp.h; path = rapidxml_iterators.hpp; sourceTree = "<group>"; };
		A1EF09A71879DB2D000E3A9F /* rapidxml_print.hpp */ = {isa = PBXFileReference; lastKnownFileType = sourcecode.cpp.h; path = rapidxml_print.hpp; sourceTree = "<group>"; };
		A1EF09A81879DB2D000E3A9F /* rapidxml_utils.hpp */ = {isa = PBXFileReference; lastKnownFileType = sourcecode.cpp.h; path = rapidxml_utils.hpp; sourceTree = "<group>"; };
/* End PBXFileReference section */

/* Begin PBXFrameworksBuildPhase section */
		A19D7EA91859700F0009D962 /* Frameworks */ = {
			isa = PBXFrameworksBuildPhase;
			buildActionMask = 2147483647;
			files = (
				A13DF6241891433400C12872 /* libboost_system.a in Frameworks */,
				A13DF619188FF11300C12872 /* libboost_thread.a in Frameworks */,
			);
			runOnlyForDeploymentPostprocessing = 0;
		};
/* End PBXFrameworksBuildPhase section */

/* Begin PBXGroup section */
		A13DF62818915D9300C12872 /* Devices */ = {
			isa = PBXGroup;
			children = (
				A13DF67C1895FD2700C12872 /* SceneTestRenderDevice.cpp */,
				A13DF67D1895FD2700C12872 /* SceneTestRenderDevice.h */,
				A13DF62918915D9300C12872 /* CPURenderDevice.cpp */,
				A13DF62A18915D9300C12872 /* CPURenderDevice.h */,
				A13DF62B18915D9300C12872 /* RenderDevice.cpp */,
				A13DF62C18915D9300C12872 /* RenderDevice.h */,
				A13DF64C1892995D00C12872 /* RenderDevice_intern.h */,
			);
			path = Devices;
			sourceTree = "<group>";
		};
		A13DF63518915E0500C12872 /* Primitives */ = {
			isa = PBXGroup;
			children = (
				A13DF63618915E0500C12872 /* Cube.cpp */,
				A13DF63718915E0500C12872 /* Cube.h */,
				A13DF63818915E0500C12872 /* Plane.cpp */,
				A13DF63918915E0500C12872 /* Plane.h */,
				A13DF63A18915E0500C12872 /* Sphere.cpp */,
				A13DF63B18915E0500C12872 /* Sphere.h */,
				A13DF63C18915E0500C12872 /* Traceable.cpp */,
				A13DF63D18915E0500C12872 /* Traceable.h */,
				A13DF63E18915E0500C12872 /* Triangle.cpp */,
				A13DF63F18915E0500C12872 /* Triangle.h */,
			);
			path = Primitives;
			sourceTree = "<group>";
		};
		A13DF64F1895CA4800C12872 /* Core */ = {
			isa = PBXGroup;
			children = (
				A13DF6501895CA4800C12872 /* Ray.cpp */,
				A13DF6511895CA4800C12872 /* Ray.h */,
				A13DF6521895CA4800C12872 /* RaycastHit.cpp */,
				A13DF6531895CA4800C12872 /* RaycastHit.h */,
				A13DF6541895CA4800C12872 /* Renderer.cpp */,
				A13DF6551895CA4800C12872 /* Renderer.h */,
			);
			path = Core;
			sourceTree = "<group>";
		};
		A13DF6561895CA5200C12872 /* Materials */ = {
			isa = PBXGroup;
			children = (
				A13DF6571895CA5200C12872 /* CheckerMaterial.h */,
				A13DF6581895CA5200C12872 /* LambertMaterial.h */,
				A13DF6591895CA5200C12872 /* Material.h */,
				A13DF65A1895CA5200C12872 /* MaterialFactory.h */,
				A13DF65B1895CA5200C12872 /* PhongMaterial.h */,
			);
			path = Materials;
			sourceTree = "<group>";
		};
		A13DF65C1895CA5B00C12872 /* Scene Objects */ = {
			isa = PBXGroup;
			children = (
				A13DF65D1895CA5B00C12872 /* Camera.cpp */,
				A13DF65E1895CA5B00C12872 /* Camera.h */,
				A13DF65F1895CA5B00C12872 /* Lights */,
				A13DF6671895CA5B00C12872 /* TriMesh.cpp */,
				A13DF6681895CA5B00C12872 /* TriMesh.h */,
			);
			path = "Scene Objects";
			sourceTree = "<group>";
		};
		A13DF65F1895CA5B00C12872 /* Lights */ = {
			isa = PBXGroup;
			children = (
				A13DF6601895CA5B00C12872 /* DirectionalLight.cpp */,
				A13DF6611895CA5B00C12872 /* DirectionalLight.h */,
				A13DF6621895CA5B00C12872 /* Light.cpp */,
				A13DF6631895CA5B00C12872 /* Light.h */,
				A13DF6641895CA5B00C12872 /* LightFactory.h */,
				A13DF6651895CA5B00C12872 /* PointLight.cpp */,
				A13DF6661895CA5B00C12872 /* PointLight.h */,
			);
			path = Lights;
			sourceTree = "<group>";
		};
		A13DF6691895CA6000C12872 /* Scenes */ = {
			isa = PBXGroup;
			children = (
				A13DF66A1895CA6000C12872 /* ColladaSceneBuilder.cpp */,
				A13DF66B1895CA6000C12872 /* ColladaSceneBuilder.h */,
				A13DF66C1895CA6000C12872 /* Scene.cpp */,
				A13DF66D1895CA6000C12872 /* Scene.h */,
				A13DF66E1895CA6000C12872 /* SceneBuilder.h */,
				A13DF66F1895CA6000C12872 /* SceneDirector.h */,
			);
			path = Scenes;
			sourceTree = "<group>";
		};
		A13DF6701895CA6700C12872 /* Util */ = {
			isa = PBXGroup;
			children = (
				A13DF6711895CA6700C12872 /* util_array.h */,
			);
			path = Util;
			sourceTree = "<group>";
		};
		A19D7EA31859700F0009D962 = {
			isa = PBXGroup;
			children = (
				A13DF6231891433400C12872 /* libboost_system.a */,
				A13DF618188FF11300C12872 /* libboost_thread.a */,
				A1EF08BC1879DB2C000E3A9F /* glm */,
				A1EF09A21879DB2D000E3A9F /* rapidxml-1.13 */,
				A1EF089F1879DB1B000E3A9F /* foRay */,
				A19D7EAD1859700F0009D962 /* Products */,
			);
			sourceTree = "<group>";
		};
		A19D7EAD1859700F0009D962 /* Products */ = {
			isa = PBXGroup;
			children = (
				A19D7EAC1859700F0009D962 /* foRay */,
			);
			name = Products;
			sourceTree = "<group>";
		};
		A1EF089F1879DB1B000E3A9F /* foRay */ = {
			isa = PBXGroup;
			children = (
				A1EF08A81879DB1B000E3A9F /* main.cpp */,
				A13DF64F1895CA4800C12872 /* Core */,
				A13DF62818915D9300C12872 /* Devices */,
				A13DF6561895CA5200C12872 /* Materials */,
				A13DF63518915E0500C12872 /* Primitives */,
				A13DF65C1895CA5B00C12872 /* Scene Objects */,
				A13DF6691895CA6000C12872 /* Scenes */,
				A13DF6701895CA6700C12872 /* Util */,
				A1EF08B21879DB1B000E3A9F /* SimpleRayTracer.1 */,
			);
			path = foRay;
			sourceTree = "<group>";
		};
		A1EF08BC1879DB2C000E3A9F /* glm */ = {
			isa = PBXGroup;
			children = (
				A1EF08BD1879DB2C000E3A9F /* CMakeLists.txt */,
				A1EF08BE1879DB2C000E3A9F /* core */,
				A1EF090B1879DB2C000E3A9F /* ext.hpp */,
				A1EF090C1879DB2C000E3A9F /* glm.hpp */,
				A1EF090D1879DB2C000E3A9F /* gtc */,
				A1EF092B1879DB2C000E3A9F /* gtx */,
				A1EF09A01879DB2D000E3A9F /* virtrev */,
			);
			name = glm;
			path = external/glm;
			sourceTree = "<group>";
		};
		A1EF08BE1879DB2C000E3A9F /* core */ = {
			isa = PBXGroup;
			children = (
				A1EF08BF1879DB2C000E3A9F /* _detail.hpp */,
				A1EF08C01879DB2C000E3A9F /* _fixes.hpp */,
				A1EF08C11879DB2C000E3A9F /* _swizzle.hpp */,
				A1EF08C21879DB2C000E3A9F /* _swizzle_func.hpp */,
				A1EF08C31879DB2C000E3A9F /* _vectorize.hpp */,
				A1EF08C41879DB2C000E3A9F /* dummy.cpp */,
				A1EF08C51879DB2C000E3A9F /* func_common.hpp */,
				A1EF08C61879DB2C000E3A9F /* func_common.inl */,
				A1EF08C71879DB2C000E3A9F /* func_exponential.hpp */,
				A1EF08C81879DB2C000E3A9F /* func_exponential.inl */,
				A1EF08C91879DB2C000E3A9F /* func_geometric.hpp */,
				A1EF08CA1879DB2C000E3A9F /* func_geometric.inl */,
				A1EF08CB1879DB2C000E3A9F /* func_integer.hpp */,
				A1EF08CC1879DB2C000E3A9F /* func_integer.inl */,
				A1EF08CD1879DB2C000E3A9F /* func_matrix.hpp */,
				A1EF08CE1879DB2C000E3A9F /* func_matrix.inl */,
				A1EF08CF1879DB2C000E3A9F /* func_noise.hpp */,
				A1EF08D01879DB2C000E3A9F /* func_noise.inl */,
				A1EF08D11879DB2C000E3A9F /* func_packing.hpp */,
				A1EF08D21879DB2C000E3A9F /* func_packing.inl */,
				A1EF08D31879DB2C000E3A9F /* func_trigonometric.hpp */,
				A1EF08D41879DB2C000E3A9F /* func_trigonometric.inl */,
				A1EF08D51879DB2C000E3A9F /* func_vector_relational.hpp */,
				A1EF08D61879DB2C000E3A9F /* func_vector_relational.inl */,
				A1EF08D71879DB2C000E3A9F /* hint.hpp */,
				A1EF08D81879DB2C000E3A9F /* intrinsic_common.hpp */,
				A1EF08D91879DB2C000E3A9F /* intrinsic_common.inl */,
				A1EF08DA1879DB2C000E3A9F /* intrinsic_exponential.hpp */,
				A1EF08DB1879DB2C000E3A9F /* intrinsic_exponential.inl */,
				A1EF08DC1879DB2C000E3A9F /* intrinsic_geometric.hpp */,
				A1EF08DD1879DB2C000E3A9F /* intrinsic_geometric.inl */,
				A1EF08DE1879DB2C000E3A9F /* intrinsic_matrix.hpp */,
				A1EF08DF1879DB2C000E3A9F /* intrinsic_matrix.inl */,
				A1EF08E01879DB2C000E3A9F /* intrinsic_trigonometric.hpp */,
				A1EF08E11879DB2C000E3A9F /* intrinsic_trigonometric.inl */,
				A1EF08E21879DB2C000E3A9F /* intrinsic_vector_relational.hpp */,
				A1EF08E31879DB2C000E3A9F /* intrinsic_vector_relational.inl */,
				A1EF08E41879DB2C000E3A9F /* setup.hpp */,
				A1EF08E51879DB2C000E3A9F /* type.hpp */,
				A1EF08E61879DB2C000E3A9F /* type_float.hpp */,
				A1EF08E71879DB2C000E3A9F /* type_gentype.hpp */,
				A1EF08E81879DB2C000E3A9F /* type_gentype.inl */,
				A1EF08E91879DB2C000E3A9F /* type_half.hpp */,
				A1EF08EA1879DB2C000E3A9F /* type_half.inl */,
				A1EF08EB1879DB2C000E3A9F /* type_int.hpp */,
				A1EF08EC1879DB2C000E3A9F /* type_mat.hpp */,
				A1EF08ED1879DB2C000E3A9F /* type_mat.inl */,
				A1EF08EE1879DB2C000E3A9F /* type_mat2x2.hpp */,
				A1EF08EF1879DB2C000E3A9F /* type_mat2x2.inl */,
				A1EF08F01879DB2C000E3A9F /* type_mat2x3.hpp */,
				A1EF08F11879DB2C000E3A9F /* type_mat2x3.inl */,
				A1EF08F21879DB2C000E3A9F /* type_mat2x4.hpp */,
				A1EF08F31879DB2C000E3A9F /* type_mat2x4.inl */,
				A1EF08F41879DB2C000E3A9F /* type_mat3x2.hpp */,
				A1EF08F51879DB2C000E3A9F /* type_mat3x2.inl */,
				A1EF08F61879DB2C000E3A9F /* type_mat3x3.hpp */,
				A1EF08F71879DB2C000E3A9F /* type_mat3x3.inl */,
				A1EF08F81879DB2C000E3A9F /* type_mat3x4.hpp */,
				A1EF08F91879DB2C000E3A9F /* type_mat3x4.inl */,
				A1EF08FA1879DB2C000E3A9F /* type_mat4x2.hpp */,
				A1EF08FB1879DB2C000E3A9F /* type_mat4x2.inl */,
				A1EF08FC1879DB2C000E3A9F /* type_mat4x3.hpp */,
				A1EF08FD1879DB2C000E3A9F /* type_mat4x3.inl */,
				A1EF08FE1879DB2C000E3A9F /* type_mat4x4.hpp */,
				A1EF08FF1879DB2C000E3A9F /* type_mat4x4.inl */,
				A1EF09001879DB2C000E3A9F /* type_size.hpp */,
				A1EF09011879DB2C000E3A9F /* type_vec.hpp */,
				A1EF09021879DB2C000E3A9F /* type_vec.inl */,
				A1EF09031879DB2C000E3A9F /* type_vec1.hpp */,
				A1EF09041879DB2C000E3A9F /* type_vec1.inl */,
				A1EF09051879DB2C000E3A9F /* type_vec2.hpp */,
				A1EF09061879DB2C000E3A9F /* type_vec2.inl */,
				A1EF09071879DB2C000E3A9F /* type_vec3.hpp */,
				A1EF09081879DB2C000E3A9F /* type_vec3.inl */,
				A1EF09091879DB2C000E3A9F /* type_vec4.hpp */,
				A1EF090A1879DB2C000E3A9F /* type_vec4.inl */,
			);
			path = core;
			sourceTree = "<group>";
		};
		A1EF090D1879DB2C000E3A9F /* gtc */ = {
			isa = PBXGroup;
			children = (
				A1EF090E1879DB2C000E3A9F /* constants.hpp */,
				A1EF090F1879DB2C000E3A9F /* constants.inl */,
				A1EF09101879DB2C000E3A9F /* epsilon.hpp */,
				A1EF09111879DB2C000E3A9F /* epsilon.inl */,
				A1EF09121879DB2C000E3A9F /* half_float.hpp */,
				A1EF09131879DB2C000E3A9F /* half_float.inl */,
				A1EF09141879DB2C000E3A9F /* matrix_access.hpp */,
				A1EF09151879DB2C000E3A9F /* matrix_access.inl */,
				A1EF09161879DB2C000E3A9F /* matrix_integer.hpp */,
				A1EF09171879DB2C000E3A9F /* matrix_inverse.hpp */,
				A1EF09181879DB2C000E3A9F /* matrix_inverse.inl */,
				A1EF09191879DB2C000E3A9F /* matrix_transform.hpp */,
				A1EF091A1879DB2C000E3A9F /* matrix_transform.inl */,
				A1EF091B1879DB2C000E3A9F /* noise.hpp */,
				A1EF091C1879DB2C000E3A9F /* noise.inl */,
				A1EF091D1879DB2C000E3A9F /* quaternion.hpp */,
				A1EF091E1879DB2C000E3A9F /* quaternion.inl */,
				A1EF091F1879DB2C000E3A9F /* random.hpp */,
				A1EF09201879DB2C000E3A9F /* random.inl */,
				A1EF09211879DB2C000E3A9F /* reciprocal.hpp */,
				A1EF09221879DB2C000E3A9F /* reciprocal.inl */,
				A1EF09231879DB2C000E3A9F /* swizzle.hpp */,
				A1EF09241879DB2C000E3A9F /* swizzle.inl */,
				A1EF09251879DB2C000E3A9F /* type_precision.hpp */,
				A1EF09261879DB2C000E3A9F /* type_precision.inl */,
				A1EF09271879DB2C000E3A9F /* type_ptr.hpp */,
				A1EF09281879DB2C000E3A9F /* type_ptr.inl */,
				A1EF09291879DB2C000E3A9F /* ulp.hpp */,
				A1EF092A1879DB2C000E3A9F /* ulp.inl */,
			);
			path = gtc;
			sourceTree = "<group>";
		};
		A1EF092B1879DB2C000E3A9F /* gtx */ = {
			isa = PBXGroup;
			children = (
				A1EF092C1879DB2C000E3A9F /* associated_min_max.hpp */,
				A1EF092D1879DB2C000E3A9F /* associated_min_max.inl */,
				A1EF092E1879DB2C000E3A9F /* bit.hpp */,
				A1EF092F1879DB2C000E3A9F /* bit.inl */,
				A1EF09301879DB2C000E3A9F /* closest_point.hpp */,
				A1EF09311879DB2C000E3A9F /* closest_point.inl */,
				A1EF09321879DB2C000E3A9F /* color_cast.hpp */,
				A1EF09331879DB2C000E3A9F /* color_cast.inl */,
				A1EF09341879DB2C000E3A9F /* color_space.hpp */,
				A1EF09351879DB2C000E3A9F /* color_space.inl */,
				A1EF09361879DB2C000E3A9F /* color_space_YCoCg.hpp */,
				A1EF09371879DB2C000E3A9F /* color_space_YCoCg.inl */,
				A1EF09381879DB2C000E3A9F /* compatibility.hpp */,
				A1EF09391879DB2C000E3A9F /* compatibility.inl */,
				A1EF093A1879DB2C000E3A9F /* component_wise.hpp */,
				A1EF093B1879DB2C000E3A9F /* component_wise.inl */,
				A1EF093C1879DB2C000E3A9F /* constants.hpp */,
				A1EF093D1879DB2C000E3A9F /* epsilon.hpp */,
				A1EF093E1879DB2C000E3A9F /* euler_angles.hpp */,
				A1EF093F1879DB2C000E3A9F /* euler_angles.inl */,
				A1EF09401879DB2C000E3A9F /* extend.hpp */,
				A1EF09411879DB2C000E3A9F /* extend.inl */,
				A1EF09421879DB2D000E3A9F /* extented_min_max.hpp */,
				A1EF09431879DB2D000E3A9F /* extented_min_max.inl */,
				A1EF09441879DB2D000E3A9F /* fast_exponential.hpp */,
				A1EF09451879DB2D000E3A9F /* fast_exponential.inl */,
				A1EF09461879DB2D000E3A9F /* fast_square_root.hpp */,
				A1EF09471879DB2D000E3A9F /* fast_square_root.inl */,
				A1EF09481879DB2D000E3A9F /* fast_trigonometry.hpp */,
				A1EF09491879DB2D000E3A9F /* fast_trigonometry.inl */,
				A1EF094A1879DB2D000E3A9F /* gradient_paint.hpp */,
				A1EF094B1879DB2D000E3A9F /* gradient_paint.inl */,
				A1EF094C1879DB2D000E3A9F /* handed_coordinate_space.hpp */,
				A1EF094D1879DB2D000E3A9F /* handed_coordinate_space.inl */,
				A1EF094E1879DB2D000E3A9F /* inertia.hpp */,
				A1EF094F1879DB2D000E3A9F /* inertia.inl */,
				A1EF09501879DB2D000E3A9F /* int_10_10_10_2.hpp */,
				A1EF09511879DB2D000E3A9F /* int_10_10_10_2.inl */,
				A1EF09521879DB2D000E3A9F /* integer.hpp */,
				A1EF09531879DB2D000E3A9F /* integer.inl */,
				A1EF09541879DB2D000E3A9F /* intersect.hpp */,
				A1EF09551879DB2D000E3A9F /* intersect.inl */,
				A1EF09561879DB2D000E3A9F /* log_base.hpp */,
				A1EF09571879DB2D000E3A9F /* log_base.inl */,
				A1EF09581879DB2D000E3A9F /* matrix_cross_product.hpp */,
				A1EF09591879DB2D000E3A9F /* matrix_cross_product.inl */,
				A1EF095A1879DB2D000E3A9F /* matrix_interpolation.hpp */,
				A1EF095B1879DB2D000E3A9F /* matrix_interpolation.inl */,
				A1EF095C1879DB2D000E3A9F /* matrix_major_storage.hpp */,
				A1EF095D1879DB2D000E3A9F /* matrix_major_storage.inl */,
				A1EF095E1879DB2D000E3A9F /* matrix_operation.hpp */,
				A1EF095F1879DB2D000E3A9F /* matrix_operation.inl */,
				A1EF09601879DB2D000E3A9F /* matrix_query.hpp */,
				A1EF09611879DB2D000E3A9F /* matrix_query.inl */,
				A1EF09621879DB2D000E3A9F /* mixed_product.hpp */,
				A1EF09631879DB2D000E3A9F /* mixed_product.inl */,
				A1EF09641879DB2D000E3A9F /* multiple.hpp */,
				A1EF09651879DB2D000E3A9F /* multiple.inl */,
				A1EF09661879DB2D000E3A9F /* noise.hpp */,
				A1EF09671879DB2D000E3A9F /* norm.hpp */,
				A1EF09681879DB2D000E3A9F /* norm.inl */,
				A1EF09691879DB2D000E3A9F /* normal.hpp */,
				A1EF096A1879DB2D000E3A9F /* normal.inl */,
				A1EF096B1879DB2D000E3A9F /* normalize_dot.hpp */,
				A1EF096C1879DB2D000E3A9F /* normalize_dot.inl */,
				A1EF096D1879DB2D000E3A9F /* number_precision.hpp */,
				A1EF096E1879DB2D000E3A9F /* number_precision.inl */,
				A1EF096F1879DB2D000E3A9F /* ocl_type.hpp */,
				A1EF09701879DB2D000E3A9F /* ocl_type.inl */,
				A1EF09711879DB2D000E3A9F /* optimum_pow.hpp */,
				A1EF09721879DB2D000E3A9F /* optimum_pow.inl */,
				A1EF09731879DB2D000E3A9F /* orthonormalize.hpp */,
				A1EF09741879DB2D000E3A9F /* orthonormalize.inl */,
				A1EF09751879DB2D000E3A9F /* perpendicular.hpp */,
				A1EF09761879DB2D000E3A9F /* perpendicular.inl */,
				A1EF09771879DB2D000E3A9F /* polar_coordinates.hpp */,
				A1EF09781879DB2D000E3A9F /* polar_coordinates.inl */,
				A1EF09791879DB2D000E3A9F /* projection.hpp */,
				A1EF097A1879DB2D000E3A9F /* projection.inl */,
				A1EF097B1879DB2D000E3A9F /* quaternion.hpp */,
				A1EF097C1879DB2D000E3A9F /* quaternion.inl */,
				A1EF097D1879DB2D000E3A9F /* random.hpp */,
				A1EF097E1879DB2D000E3A9F /* raw_data.hpp */,
				A1EF097F1879DB2D000E3A9F /* raw_data.inl */,
				A1EF09801879DB2D000E3A9F /* reciprocal.hpp */,
				A1EF09811879DB2D000E3A9F /* rotate_vector.hpp */,
				A1EF09821879DB2D000E3A9F /* rotate_vector.inl */,
				A1EF09831879DB2D000E3A9F /* simd_mat4.hpp */,
				A1EF09841879DB2D000E3A9F /* simd_mat4.inl */,
				A1EF09851879DB2D000E3A9F /* simd_vec4.hpp */,
				A1EF09861879DB2D000E3A9F /* simd_vec4.inl */,
				A1EF09871879DB2D000E3A9F /* spline.hpp */,
				A1EF09881879DB2D000E3A9F /* spline.inl */,
				A1EF09891879DB2D000E3A9F /* std_based_type.hpp */,
				A1EF098A1879DB2D000E3A9F /* std_based_type.inl */,
				A1EF098B1879DB2D000E3A9F /* string_cast.hpp */,
				A1EF098C1879DB2D000E3A9F /* string_cast.inl */,
				A1EF098D1879DB2D000E3A9F /* transform.hpp */,
				A1EF098E1879DB2D000E3A9F /* transform.inl */,
				A1EF098F1879DB2D000E3A9F /* transform2.hpp */,
				A1EF09901879DB2D000E3A9F /* transform2.inl */,
				A1EF09911879DB2D000E3A9F /* ulp.hpp */,
				A1EF09921879DB2D000E3A9F /* unsigned_int.hpp */,
				A1EF09931879DB2D000E3A9F /* unsigned_int.inl */,
				A1EF09941879DB2D000E3A9F /* vec1.hpp */,
				A1EF09951879DB2D000E3A9F /* vec1.inl */,
				A1EF09961879DB2D000E3A9F /* vector_access.hpp */,
				A1EF09971879DB2D000E3A9F /* vector_access.inl */,
				A1EF09981879DB2D000E3A9F /* vector_angle.hpp */,
				A1EF09991879DB2D000E3A9F /* vector_angle.inl */,
				A1EF099A1879DB2D000E3A9F /* vector_query.hpp */,
				A1EF099B1879DB2D000E3A9F /* vector_query.inl */,
				A1EF099C1879DB2D000E3A9F /* verbose_operator.hpp */,
				A1EF099D1879DB2D000E3A9F /* verbose_operator.inl */,
				A1EF099E1879DB2D000E3A9F /* wrap.hpp */,
				A1EF099F1879DB2D000E3A9F /* wrap.inl */,
			);
			path = gtx;
			sourceTree = "<group>";
		};
		A1EF09A01879DB2D000E3A9F /* virtrev */ = {
			isa = PBXGroup;
			children = (
				A1EF09A11879DB2D000E3A9F /* xstream.hpp */,
			);
			path = virtrev;
			sourceTree = "<group>";
		};
		A1EF09A21879DB2D000E3A9F /* rapidxml-1.13 */ = {
			isa = PBXGroup;
			children = (
				A1EF09A31879DB2D000E3A9F /* license.txt */,
				A1EF09A41879DB2D000E3A9F /* manual.html */,
				A1EF09A51879DB2D000E3A9F /* rapidxml.hpp */,
				A1EF09A61879DB2D000E3A9F /* rapidxml_iterators.hpp */,
				A1EF09A71879DB2D000E3A9F /* rapidxml_print.hpp */,
				A1EF09A81879DB2D000E3A9F /* rapidxml_utils.hpp */,
			);
			name = "rapidxml-1.13";
			path = "external/rapidxml-1.13";
			sourceTree = "<group>";
		};
/* End PBXGroup section */

/* Begin PBXNativeTarget section */
		A19D7EAB1859700F0009D962 /* foRay */ = {
			isa = PBXNativeTarget;
			buildConfigurationList = A19D7EB51859700F0009D962 /* Build configuration list for PBXNativeTarget "foRay" */;
			buildPhases = (
				A19D7EA81859700F0009D962 /* Sources */,
				A19D7EA91859700F0009D962 /* Frameworks */,
				A19D7EAA1859700F0009D962 /* CopyFiles */,
			);
			buildRules = (
			);
			dependencies = (
			);
			name = foRay;
			productName = SimpleRayTracer;
			productReference = A19D7EAC1859700F0009D962 /* foRay */;
			productType = "com.apple.product-type.tool";
		};
/* End PBXNativeTarget section */

/* Begin PBXProject section */
		A19D7EA41859700F0009D962 /* Project object */ = {
			isa = PBXProject;
			attributes = {
				LastUpgradeCheck = 0500;
				ORGANIZATIONNAME = "Kyle Halladay";
			};
			buildConfigurationList = A19D7EA71859700F0009D962 /* Build configuration list for PBXProject "foRay" */;
			compatibilityVersion = "Xcode 3.2";
			developmentRegion = English;
			hasScannedForEncodings = 0;
			knownRegions = (
				en,
			);
			mainGroup = A19D7EA31859700F0009D962;
			productRefGroup = A19D7EAD1859700F0009D962 /* Products */;
			projectDirPath = "";
			projectRoot = "";
			targets = (
				A19D7EAB1859700F0009D962 /* foRay */,
			);
		};
/* End PBXProject section */

/* Begin PBXSourcesBuildPhase section */
		A19D7EA81859700F0009D962 /* Sources */ = {
			isa = PBXSourcesBuildPhase;
			buildActionMask = 2147483647;
			files = (
				A13DF6721895CAB800C12872 /* ColladaSceneBuilder.cpp in Sources */,
				A13DF6731895CABA00C12872 /* Scene.cpp in Sources */,
				A13DF6411891ED5D00C12872 /* Plane.cpp in Sources */,
				A13DF6741895CAC100C12872 /* Camera.cpp in Sources */,
				A13DF6421891ED5E00C12872 /* Sphere.cpp in Sources */,
				A13DF6751895CAC400C12872 /* TriMesh.cpp in Sources */,
				A13DF6431891ED6000C12872 /* Traceable.cpp in Sources */,
				A13DF6401891ED5B00C12872 /* Cube.cpp in Sources */,
				A13DF6441891ED6200C12872 /* Triangle.cpp in Sources */,
				A1EF09C11879DBCF000E3A9F /* main.cpp in Sources */,
				A13DF6481891ED6A00C12872 /* CPURenderDevice.cpp in Sources */,
				A13DF67E1895FD2700C12872 /* SceneTestRenderDevice.cpp in Sources */,
				A13DF6491891ED6C00C12872 /* RenderDevice.cpp in Sources */,
				A13DF6771895CACF00C12872 /* Light.cpp in Sources */,
				A13DF67B1895CADF00C12872 /* Renderer.cpp in Sources */,
				A13DF67A1895CADD00C12872 /* RaycastHit.cpp in Sources */,
				A13DF6781895CAD200C12872 /* PointLight.cpp in Sources */,
				A13DF6791895CADB00C12872 /* Ray.cpp in Sources */,
				A13DF6761895CAC900C12872 /* DirectionalLight.cpp in Sources */,
			);
			runOnlyForDeploymentPostprocessing = 0;
		};
/* End PBXSourcesBuildPhase section */

/* Begin XCBuildConfiguration section */
		A19D7EB31859700F0009D962 /* Debug */ = {
			isa = XCBuildConfiguration;
			buildSettings = {
				ALWAYS_SEARCH_USER_PATHS = NO;
				CLANG_CXX_LANGUAGE_STANDARD = "gnu++0x";
				CLANG_CXX_LIBRARY = "libc++";
				CLANG_ENABLE_OBJC_ARC = YES;
				CLANG_WARN_BOOL_CONVERSION = YES;
				CLANG_WARN_CONSTANT_CONVERSION = YES;
				CLANG_WARN_DIRECT_OBJC_ISA_USAGE = YES_ERROR;
				CLANG_WARN_EMPTY_BODY = YES;
				CLANG_WARN_ENUM_CONVERSION = YES;
				CLANG_WARN_INT_CONVERSION = YES;
				CLANG_WARN_OBJC_ROOT_CLASS = YES_ERROR;
				CLANG_WARN__DUPLICATE_METHOD_MATCH = YES;
				COPY_PHASE_STRIP = NO;
				GCC_C_LANGUAGE_STANDARD = gnu99;
				GCC_DYNAMIC_NO_PIC = NO;
				GCC_ENABLE_OBJC_EXCEPTIONS = YES;
				GCC_OPTIMIZATION_LEVEL = 0;
				GCC_PREPROCESSOR_DEFINITIONS = (
					"DEBUG=1",
					"$(inherited)",
				);
				GCC_SYMBOLS_PRIVATE_EXTERN = NO;
				GCC_WARN_64_TO_32_BIT_CONVERSION = YES;
				GCC_WARN_ABOUT_RETURN_TYPE = YES_ERROR;
				GCC_WARN_UNDECLARED_SELECTOR = YES;
				GCC_WARN_UNINITIALIZED_AUTOS = YES;
				GCC_WARN_UNUSED_FUNCTION = YES;
				GCC_WARN_UNUSED_VARIABLE = YES;
				HEADER_SEARCH_PATHS = (
					"\"$(BOOST_HOME)\"",
					"$(inherited)",
					/Applications/Xcode.app/Contents/Developer/Toolchains/XcodeDefault.xctoolchain/usr/include,
				);
				MACOSX_DEPLOYMENT_TARGET = 10.9;
				ONLY_ACTIVE_ARCH = YES;
				OTHER_LDFLAGS = "-lboost_system";
				SDKROOT = macosx;
			};
			name = Debug;
		};
		A19D7EB41859700F0009D962 /* Release */ = {
			isa = XCBuildConfiguration;
			buildSettings = {
				ALWAYS_SEARCH_USER_PATHS = NO;
				CLANG_CXX_LANGUAGE_STANDARD = "gnu++0x";
				CLANG_CXX_LIBRARY = "libc++";
				CLANG_ENABLE_OBJC_ARC = YES;
				CLANG_WARN_BOOL_CONVERSION = YES;
				CLANG_WARN_CONSTANT_CONVERSION = YES;
				CLANG_WARN_DIRECT_OBJC_ISA_USAGE = YES_ERROR;
				CLANG_WARN_EMPTY_BODY = YES;
				CLANG_WARN_ENUM_CONVERSION = YES;
				CLANG_WARN_INT_CONVERSION = YES;
				CLANG_WARN_OBJC_ROOT_CLASS = YES_ERROR;
				CLANG_WARN__DUPLICATE_METHOD_MATCH = YES;
				COPY_PHASE_STRIP = YES;
				DEBUG_INFORMATION_FORMAT = "dwarf-with-dsym";
				ENABLE_NS_ASSERTIONS = NO;
				GCC_C_LANGUAGE_STANDARD = gnu99;
				GCC_ENABLE_OBJC_EXCEPTIONS = YES;
				GCC_WARN_64_TO_32_BIT_CONVERSION = YES;
				GCC_WARN_ABOUT_RETURN_TYPE = YES_ERROR;
				GCC_WARN_UNDECLARED_SELECTOR = YES;
				GCC_WARN_UNINITIALIZED_AUTOS = YES;
				GCC_WARN_UNUSED_FUNCTION = YES;
				GCC_WARN_UNUSED_VARIABLE = YES;
				HEADER_SEARCH_PATHS = (
					"\"$(BOOST_HOME)\"",
					"$(inherited)",
					/Applications/Xcode.app/Contents/Developer/Toolchains/XcodeDefault.xctoolchain/usr/include,
				);
				MACOSX_DEPLOYMENT_TARGET = 10.9;
				OTHER_LDFLAGS = "-lboost_system";
				SDKROOT = macosx;
			};
			name = Release;
		};
		A19D7EB61859700F0009D962 /* Debug */ = {
			isa = XCBuildConfiguration;
			buildSettings = {
				HEADER_SEARCH_PATHS = (
					"$(inherited)",
					/Applications/Xcode.app/Contents/Developer/Toolchains/XcodeDefault.xctoolchain/usr/include,
				);
				LIBRARY_SEARCH_PATHS = (
					"$(inherited)",
					"/boost_1_55_0/bin.v2/libs/thread/build/darwin-4.2.1/release/link-static/threading-multi",
					"/boost_1_55_0/bin.v2/libs/system/build/darwin-4.2.1/release/link-static/threading-multi",
				);
				PRODUCT_NAME = foRay;
			};
			name = Debug;
		};
		A19D7EB71859700F0009D962 /* Release */ = {
			isa = XCBuildConfiguration;
			buildSettings = {
				LIBRARY_SEARCH_PATHS = (
					"$(inherited)",
					"/boost_1_55_0/bin.v2/libs/thread/build/darwin-4.2.1/release/link-static/threading-multi",
					"/boost_1_55_0/bin.v2/libs/system/build/darwin-4.2.1/release/link-static/threading-multi",
				);
				PRODUCT_NAME = foRay;
			};
			name = Release;
		};
/* End XCBuildConfiguration section */

/* Begin XCConfigurationList section */
		A19D7EA71859700F0009D962 /* Build configuration list for PBXProject "foRay" */ = {
			isa = XCConfigurationList;
			buildConfigurations = (
				A19D7EB31859700F0009D962 /* Debug */,
				A19D7EB41859700F0009D962 /* Release */,
			);
			defaultConfigurationIsVisible = 0;
			defaultConfigurationName = Release;
		};
		A19D7EB51859700F0009D962 /* Build configuration list for PBXNativeTarget "foRay" */ = {
			isa = XCConfigurationList;
			buildConfigurations = (
				A19D7EB61859700F0009D962 /* Debug */,
				A19D7EB71859700F0009D962 /* Release */,
			);
			defaultConfigurationIsVisible = 0;
			defaultConfigurationName = Release;
		};
/* End XCConfigurationList section */
	};
	rootObject = A19D7EA41859700F0009D962 /* Project object */;
}
